
Microsoft Visual Studio Solution File, Format Version 12.00
# Visual Studio 15
VisualStudioVersion = 15.0.27004.2010
MinimumVisualStudioVersion = 10.0.40219.1
Project("{FAE04EC0-301F-11D3-BF4B-00C04F79EFBC}") = "Customer.Batch", "Customer.Batch\Customer.Batch.csproj", "{D4D1084E-38BD-45E3-B28C-234172E6BAA6}"
EndProject
Project("{FAE04EC0-301F-11D3-BF4B-00C04F79EFBC}") = "HarrierGroup", "..\Fake-HarrierGroupSolution\HarrierGroup\HarrierGroup.csproj", "{C8407F8C-16EB-4507-BDEE-DBE63996F857}"
EndProject
Global
	GlobalSection(SolutionConfigurationPlatforms) = preSolution
		Debug|Any CPU = Debug|Any CPU
		Release|Any CPU = Release|Any CPU
	EndGlobalSection
	GlobalSection(ProjectConfigurationPlatforms) = postSolution
		{D4D1084E-38BD-45E3-B28C-234172E6BAA6}.Debug|Any CPU.ActiveCfg = Debug|Any CPU
		{D4D1084E-38BD-45E3-B28C-234172E6BAA6}.Debug|Any CPU.Build.0 = Debug|Any CPU
		{D4D1084E-38BD-45E3-B28C-234172E6BAA6}.Release|Any CPU.ActiveCfg = Release|Any CPU
		{D4D1084E-38BD-45E3-B28C-234172E6BAA6}.Release|Any CPU.Build.0 = Release|Any CPU
		{C8407F8C-16EB-4507-BDEE-DBE63996F857}.Debug|Any CPU.ActiveCfg = Debug|Any CPU
		{C8407F8C-16EB-4507-BDEE-DBE63996F857}.Debug|Any CPU.Build.0 = Debug|Any CPU
		{C8407F8C-16EB-4507-BDEE-DBE63996F857}.Release|Any CPU.ActiveCfg = Release|Any CPU
		{C8407F8C-16EB-4507-BDEE-DBE63996F857}.Release|Any CPU.Build.0 = Release|Any CPU
	EndGlobalSection
	GlobalSection(SolutionProperties) = preSolution
		HideSolutionNode = FALSE
	EndGlobalSection
	GlobalSection(ExtensibilityGlobals) = postSolution
		SolutionGuid = {631BFA04-2E6B-4694-A69F-9A86FF1886B8}
	EndGlobalSection
EndGlobal
